
Microsoft Visual Studio Solution File, Format Version 12.00
# Visual Studio 15
VisualStudioVersion = 15.0.27130.2010
MinimumVisualStudioVersion = 10.0.40219.1
Project("{FAE04EC0-301F-11D3-BF4B-00C04F79EFBC}") = "ThiccBot", "ThiccBot\ThiccBot.csproj", "{A411C7AA-12F8-4AA6-BA14-2A57171C19B7}"
EndProject
Global
	GlobalSection(SolutionConfigurationPlatforms) = preSolution
		Debug|Any CPU = Debug|Any CPU
		Release|Any CPU = Release|Any CPU
	EndGlobalSection
	GlobalSection(ProjectConfigurationPlatforms) = postSolution
		{A411C7AA-12F8-4AA6-BA14-2A57171C19B7}.Debug|Any CPU.ActiveCfg = Debug|Any CPU
		{A411C7AA-12F8-4AA6-BA14-2A57171C19B7}.Debug|Any CPU.Build.0 = Debug|Any CPU
		{A411C7AA-12F8-4AA6-BA14-2A57171C19B7}.Release|Any CPU.ActiveCfg = Release|Any CPU
		{A411C7AA-12F8-4AA6-BA14-2A57171C19B7}.Release|Any CPU.Build.0 = Release|Any CPU
	EndGlobalSection
	GlobalSection(SolutionProperties) = preSolution
		HideSolutionNode = FALSE
	EndGlobalSection
	GlobalSection(ExtensibilityGlobals) = postSolution
		SolutionGuid = {C5C7FF1D-A1CE-4FAF-AC46-9F95CE8CD766}
	EndGlobalSection
EndGlobal
